// !$*UTF8*$!
{
	archiveVersion = 1;
	classes = {
	};
	objectVersion = 46;
	objects = {

/* Begin PBXBuildFile section */
		037B182119B4C57200949BA5 /* Foundation.framework in Frameworks */ = {isa = PBXBuildFile; fileRef = 037B182019B4C57200949BA5 /* Foundation.framework */; };
		037B182319B4C57200949BA5 /* CoreGraphics.framework in Frameworks */ = {isa = PBXBuildFile; fileRef = 037B182219B4C57200949BA5 /* CoreGraphics.framework */; };
		037B182519B4C57200949BA5 /* UIKit.framework in Frameworks */ = {isa = PBXBuildFile; fileRef = 037B182419B4C57200949BA5 /* UIKit.framework */; };
		037B182B19B4C57200949BA5 /* InfoPlist.strings in Resources */ = {isa = PBXBuildFile; fileRef = 037B182919B4C57200949BA5 /* InfoPlist.strings */; };
		037B182D19B4C57200949BA5 /* main.m in Sources */ = {isa = PBXBuildFile; fileRef = 037B182C19B4C57200949BA5 /* main.m */; };
		037B183119B4C57200949BA5 /* xxiivvAppDelegate.m in Sources */ = {isa = PBXBuildFile; fileRef = 037B183019B4C57200949BA5 /* xxiivvAppDelegate.m */; };
		037B183419B4C57200949BA5 /* Main.storyboard in Resources */ = {isa = PBXBuildFile; fileRef = 037B183219B4C57200949BA5 /* Main.storyboard */; };
		037B183719B4C57200949BA5 /* xxiivvViewController.m in Sources */ = {isa = PBXBuildFile; fileRef = 037B183619B4C57200949BA5 /* xxiivvViewController.m */; };
		037B183919B4C57200949BA5 /* Images.xcassets in Resources */ = {isa = PBXBuildFile; fileRef = 037B183819B4C57200949BA5 /* Images.xcassets */; };
		037B184019B4C57200949BA5 /* XCTest.framework in Frameworks */ = {isa = PBXBuildFile; fileRef = 037B183F19B4C57200949BA5 /* XCTest.framework */; };
		037B184119B4C57200949BA5 /* Foundation.framework in Frameworks */ = {isa = PBXBuildFile; fileRef = 037B182019B4C57200949BA5 /* Foundation.framework */; };
		037B184219B4C57200949BA5 /* UIKit.framework in Frameworks */ = {isa = PBXBuildFile; fileRef = 037B182419B4C57200949BA5 /* UIKit.framework */; };
		037B184A19B4C57200949BA5 /* InfoPlist.strings in Resources */ = {isa = PBXBuildFile; fileRef = 037B184819B4C57200949BA5 /* InfoPlist.strings */; };
		037B184C19B4C57200949BA5 /* trimetriqueTests.m in Sources */ = {isa = PBXBuildFile; fileRef = 037B184B19B4C57200949BA5 /* trimetriqueTests.m */; };
/* End PBXBuildFile section */

/* Begin PBXContainerItemProxy section */
		037B184319B4C57200949BA5 /* PBXContainerItemProxy */ = {
			isa = PBXContainerItemProxy;
			containerPortal = 037B181519B4C57200949BA5 /* Project object */;
			proxyType = 1;
			remoteGlobalIDString = 037B181C19B4C57200949BA5;
			remoteInfo = trimetrique;
		};
/* End PBXContainerItemProxy section */

/* Begin PBXFileReference section */
		037B181D19B4C57200949BA5 /* trimetrique.app */ = {isa = PBXFileReference; explicitFileType = wrapper.application; includeInIndex = 0; path = trimetrique.app; sourceTree = BUILT_PRODUCTS_DIR; };
		037B182019B4C57200949BA5 /* Foundation.framework */ = {isa = PBXFileReference; lastKnownFileType = wrapper.framework; name = Foundation.framework; path = System/Library/Frameworks/Foundation.framework; sourceTree = SDKROOT; };
		037B182219B4C57200949BA5 /* CoreGraphics.framework */ = {isa = PBXFileReference; lastKnownFileType = wrapper.framework; name = CoreGraphics.framework; path = System/Library/Frameworks/CoreGraphics.framework; sourceTree = SDKROOT; };
		037B182419B4C57200949BA5 /* UIKit.framework */ = {isa = PBXFileReference; lastKnownFileType = wrapper.framework; name = UIKit.framework; path = System/Library/Frameworks/UIKit.framework; sourceTree = SDKROOT; };
		037B182819B4C57200949BA5 /* trimetrique-Info.plist */ = {isa = PBXFileReference; lastKnownFileType = text.plist.xml; path = "trimetrique-Info.plist"; sourceTree = "<group>"; };
		037B182A19B4C57200949BA5 /* en */ = {isa = PBXFileReference; lastKnownFileType = text.plist.strings; name = en; path = en.lproj/InfoPlist.strings; sourceTree = "<group>"; };
		037B182C19B4C57200949BA5 /* main.m */ = {isa = PBXFileReference; lastKnownFileType = sourcecode.c.objc; path = main.m; sourceTree = "<group>"; };
		037B182E19B4C57200949BA5 /* trimetrique-Prefix.pch */ = {isa = PBXFileReference; lastKnownFileType = sourcecode.c.h; path = "trimetrique-Prefix.pch"; sourceTree = "<group>"; };
		037B182F19B4C57200949BA5 /* xxiivvAppDelegate.h */ = {isa = PBXFileReference; lastKnownFileType = sourcecode.c.h; path = xxiivvAppDelegate.h; sourceTree = "<group>"; };
		037B183019B4C57200949BA5 /* xxiivvAppDelegate.m */ = {isa = PBXFileReference; lastKnownFileType = sourcecode.c.objc; path = xxiivvAppDelegate.m; sourceTree = "<group>"; };
		037B183319B4C57200949BA5 /* Base */ = {isa = PBXFileReference; lastKnownFileType = file.storyboard; name = Base; path = Base.lproj/Main.storyboard; sourceTree = "<group>"; };
		037B183519B4C57200949BA5 /* xxiivvViewController.h */ = {isa = PBXFileReference; lastKnownFileType = sourcecode.c.h; path = xxiivvViewController.h; sourceTree = "<group>"; };
		037B183619B4C57200949BA5 /* xxiivvViewController.m */ = {isa = PBXFileReference; lastKnownFileType = sourcecode.c.objc; path = xxiivvViewController.m; sourceTree = "<group>"; };
		037B183819B4C57200949BA5 /* Images.xcassets */ = {isa = PBXFileReference; lastKnownFileType = folder.assetcatalog; path = Images.xcassets; sourceTree = "<group>"; };
		037B183E19B4C57200949BA5 /* trimetriqueTests.xctest */ = {isa = PBXFileReference; explicitFileType = wrapper.cfbundle; includeInIndex = 0; path = trimetriqueTests.xctest; sourceTree = BUILT_PRODUCTS_DIR; };
		037B183F19B4C57200949BA5 /* XCTest.framework */ = {isa = PBXFileReference; lastKnownFileType = wrapper.framework; name = XCTest.framework; path = Library/Frameworks/XCTest.framework; sourceTree = DEVELOPER_DIR; };
		037B184719B4C57200949BA5 /* trimetriqueTests-Info.plist */ = {isa = PBXFileReference; lastKnownFileType = text.plist.xml; path = "trimetriqueTests-Info.plist"; sourceTree = "<group>"; };
		037B184919B4C57200949BA5 /* en */ = {isa = PBXFileReference; lastKnownFileType = text.plist.strings; name = en; path = en.lproj/InfoPlist.strings; sourceTree = "<group>"; };
		037B184B19B4C57200949BA5 /* trimetriqueTests.m */ = {isa = PBXFileReference; lastKnownFileType = sourcecode.c.objc; path = trimetriqueTests.m; sourceTree = "<group>"; };
/* End PBXFileReference section */

/* Begin PBXFrameworksBuildPhase section */
		037B181A19B4C57200949BA5 /* Frameworks */ = {
			isa = PBXFrameworksBuildPhase;
			buildActionMask = 2147483647;
			files = (
				037B182319B4C57200949BA5 /* CoreGraphics.framework in Frameworks */,
				037B182519B4C57200949BA5 /* UIKit.framework in Frameworks */,
				037B182119B4C57200949BA5 /* Foundation.framework in Frameworks */,
			);
			runOnlyForDeploymentPostprocessing = 0;
		};
		037B183B19B4C57200949BA5 /* Frameworks */ = {
			isa = PBXFrameworksBuildPhase;
			buildActionMask = 2147483647;
			files = (
				037B184019B4C57200949BA5 /* XCTest.framework in Frameworks */,
				037B184219B4C57200949BA5 /* UIKit.framework in Frameworks */,
				037B184119B4C57200949BA5 /* Foundation.framework in Frameworks */,
			);
			runOnlyForDeploymentPostprocessing = 0;
		};
/* End PBXFrameworksBuildPhase section */

/* Begin PBXGroup section */
		037B181419B4C57200949BA5 = {
			isa = PBXGroup;
			children = (
				037B182619B4C57200949BA5 /* trimetrique */,
				037B184519B4C57200949BA5 /* trimetriqueTests */,
				037B181F19B4C57200949BA5 /* Frameworks */,
				037B181E19B4C57200949BA5 /* Products */,
			);
			sourceTree = "<group>";
		};
		037B181E19B4C57200949BA5 /* Products */ = {
			isa = PBXGroup;
			children = (
				037B181D19B4C57200949BA5 /* trimetrique.app */,
				037B183E19B4C57200949BA5 /* trimetriqueTests.xctest */,
			);
			name = Products;
			sourceTree = "<group>";
		};
		037B181F19B4C57200949BA5 /* Frameworks */ = {
			isa = PBXGroup;
			children = (
				037B182019B4C57200949BA5 /* Foundation.framework */,
				037B182219B4C57200949BA5 /* CoreGraphics.framework */,
				037B182419B4C57200949BA5 /* UIKit.framework */,
				037B183F19B4C57200949BA5 /* XCTest.framework */,
			);
			name = Frameworks;
			sourceTree = "<group>";
		};
		037B182619B4C57200949BA5 /* trimetrique */ = {
			isa = PBXGroup;
			children = (
				037B182F19B4C57200949BA5 /* xxiivvAppDelegate.h */,
				037B183019B4C57200949BA5 /* xxiivvAppDelegate.m */,
				037B183219B4C57200949BA5 /* Main.storyboard */,
				037B183519B4C57200949BA5 /* xxiivvViewController.h */,
				037B183619B4C57200949BA5 /* xxiivvViewController.m */,
				037B183819B4C57200949BA5 /* Images.xcassets */,
				037B182719B4C57200949BA5 /* Supporting Files */,
			);
			path = trimetrique;
			sourceTree = "<group>";
		};
		037B182719B4C57200949BA5 /* Supporting Files */ = {
			isa = PBXGroup;
			children = (
				037B182819B4C57200949BA5 /* trimetrique-Info.plist */,
				037B182919B4C57200949BA5 /* InfoPlist.strings */,
				037B182C19B4C57200949BA5 /* main.m */,
				037B182E19B4C57200949BA5 /* trimetrique-Prefix.pch */,
			);
			name = "Supporting Files";
			sourceTree = "<group>";
		};
		037B184519B4C57200949BA5 /* trimetriqueTests */ = {
			isa = PBXGroup;
			children = (
				037B184B19B4C57200949BA5 /* trimetriqueTests.m */,
				037B184619B4C57200949BA5 /* Supporting Files */,
			);
			path = trimetriqueTests;
			sourceTree = "<group>";
		};
		037B184619B4C57200949BA5 /* Supporting Files */ = {
			isa = PBXGroup;
			children = (
				037B184719B4C57200949BA5 /* trimetriqueTests-Info.plist */,
				037B184819B4C57200949BA5 /* InfoPlist.strings */,
			);
			name = "Supporting Files";
			sourceTree = "<group>";
		};
/* End PBXGroup section */

/* Begin PBXNativeTarget section */
		037B181C19B4C57200949BA5 /* trimetrique */ = {
			isa = PBXNativeTarget;
			buildConfigurationList = 037B184F19B4C57200949BA5 /* Build configuration list for PBXNativeTarget "trimetrique" */;
			buildPhases = (
				037B181919B4C57200949BA5 /* Sources */,
				037B181A19B4C57200949BA5 /* Frameworks */,
				037B181B19B4C57200949BA5 /* Resources */,
			);
			buildRules = (
			);
			dependencies = (
			);
			name = trimetrique;
			productName = trimetrique;
			productReference = 037B181D19B4C57200949BA5 /* trimetrique.app */;
			productType = "com.apple.product-type.application";
		};
		037B183D19B4C57200949BA5 /* trimetriqueTests */ = {
			isa = PBXNativeTarget;
			buildConfigurationList = 037B185219B4C57200949BA5 /* Build configuration list for PBXNativeTarget "trimetriqueTests" */;
			buildPhases = (
				037B183A19B4C57200949BA5 /* Sources */,
				037B183B19B4C57200949BA5 /* Frameworks */,
				037B183C19B4C57200949BA5 /* Resources */,
			);
			buildRules = (
			);
			dependencies = (
				037B184419B4C57200949BA5 /* PBXTargetDependency */,
			);
			name = trimetriqueTests;
			productName = trimetriqueTests;
			productReference = 037B183E19B4C57200949BA5 /* trimetriqueTests.xctest */;
			productType = "com.apple.product-type.bundle.unit-test";
		};
/* End PBXNativeTarget section */

/* Begin PBXProject section */
		037B181519B4C57200949BA5 /* Project object */ = {
			isa = PBXProject;
			attributes = {
				CLASSPREFIX = xxiivv;
				LastUpgradeCheck = 0510;
				ORGANIZATIONNAME = XXIIVV;
				TargetAttributes = {
					037B183D19B4C57200949BA5 = {
						TestTargetID = 037B181C19B4C57200949BA5;
					};
				};
			};
			buildConfigurationList = 037B181819B4C57200949BA5 /* Build configuration list for PBXProject "trimetrique" */;
			compatibilityVersion = "Xcode 3.2";
			developmentRegion = English;
			hasScannedForEncodings = 0;
			knownRegions = (
				en,
				Base,
			);
			mainGroup = 037B181419B4C57200949BA5;
			productRefGroup = 037B181E19B4C57200949BA5 /* Products */;
			projectDirPath = "";
			projectRoot = "";
			targets = (
				037B181C19B4C57200949BA5 /* trimetrique */,
				037B183D19B4C57200949BA5 /* trimetriqueTests */,
			);
		};
/* End PBXProject section */

/* Begin PBXResourcesBuildPhase section */
		037B181B19B4C57200949BA5 /* Resources */ = {
			isa = PBXResourcesBuildPhase;
			buildActionMask = 2147483647;
			files = (
				037B183919B4C57200949BA5 /* Images.xcassets in Resources */,
				037B182B19B4C57200949BA5 /* InfoPlist.strings in Resources */,
				037B183419B4C57200949BA5 /* Main.storyboard in Resources */,
			);
			runOnlyForDeploymentPostprocessing = 0;
		};
		037B183C19B4C57200949BA5 /* Resources */ = {
			isa = PBXResourcesBuildPhase;
			buildActionMask = 2147483647;
			files = (
				037B184A19B4C57200949BA5 /* InfoPlist.strings in Resources */,
			);
			runOnlyForDeploymentPostprocessing = 0;
		};
/* End PBXResourcesBuildPhase section */

/* Begin PBXSourcesBuildPhase section */
		037B181919B4C57200949BA5 /* Sources */ = {
			isa = PBXSourcesBuildPhase;
			buildActionMask = 2147483647;
			files = (
				037B183119B4C57200949BA5 /* xxiivvAppDelegate.m in Sources */,
				037B183719B4C57200949BA5 /* xxiivvViewController.m in Sources */,
				037B182D19B4C57200949BA5 /* main.m in Sources */,
			);
			runOnlyForDeploymentPostprocessing = 0;
		};
		037B183A19B4C57200949BA5 /* Sources */ = {
			isa = PBXSourcesBuildPhase;
			buildActionMask = 2147483647;
			files = (
				037B184C19B4C57200949BA5 /* trimetriqueTests.m in Sources */,
			);
			runOnlyForDeploymentPostprocessing = 0;
		};
/* End PBXSourcesBuildPhase section */

/* Begin PBXTargetDependency section */
		037B184419B4C57200949BA5 /* PBXTargetDependency */ = {
			isa = PBXTargetDependency;
			target = 037B181C19B4C57200949BA5 /* trimetrique */;
			targetProxy = 037B184319B4C57200949BA5 /* PBXContainerItemProxy */;
		};
/* End PBXTargetDependency section */

/* Begin PBXVariantGroup section */
		037B182919B4C57200949BA5 /* InfoPlist.strings */ = {
			isa = PBXVariantGroup;
			children = (
				037B182A19B4C57200949BA5 /* en */,
			);
			name = InfoPlist.strings;
			sourceTree = "<group>";
		};
		037B183219B4C57200949BA5 /* Main.storyboard */ = {
			isa = PBXVariantGroup;
			children = (
				037B183319B4C57200949BA5 /* Base */,
			);
			name = Main.storyboard;
			sourceTree = "<group>";
		};
		037B184819B4C57200949BA5 /* InfoPlist.strings */ = {
			isa = PBXVariantGroup;
			children = (
				037B184919B4C57200949BA5 /* en */,
			);
			name = InfoPlist.strings;
			sourceTree = "<group>";
		};
/* End PBXVariantGroup section */

/* Begin XCBuildConfiguration section */
		037B184D19B4C57200949BA5 /* Debug */ = {
			isa = XCBuildConfiguration;
			buildSettings = {
				ALWAYS_SEARCH_USER_PATHS = NO;
				CLANG_CXX_LANGUAGE_STANDARD = "gnu++0x";
				CLANG_CXX_LIBRARY = "libc++";
				CLANG_ENABLE_MODULES = YES;
				CLANG_ENABLE_OBJC_ARC = YES;
				CLANG_WARN_BOOL_CONVERSION = YES;
				CLANG_WARN_CONSTANT_CONVERSION = YES;
				CLANG_WARN_DIRECT_OBJC_ISA_USAGE = YES_ERROR;
				CLANG_WARN_EMPTY_BODY = YES;
				CLANG_WARN_ENUM_CONVERSION = YES;
				CLANG_WARN_INT_CONVERSION = YES;
				CLANG_WARN_OBJC_ROOT_CLASS = YES_ERROR;
				CLANG_WARN__DUPLICATE_METHOD_MATCH = YES;
				"CODE_SIGN_IDENTITY[sdk=iphoneos*]" = "iPhone Developer";
				COPY_PHASE_STRIP = NO;
				GCC_C_LANGUAGE_STANDARD = gnu99;
				GCC_DYNAMIC_NO_PIC = NO;
				GCC_OPTIMIZATION_LEVEL = 0;
				GCC_PREPROCESSOR_DEFINITIONS = (
					"DEBUG=1",
					"$(inherited)",
				);
				GCC_SYMBOLS_PRIVATE_EXTERN = NO;
				GCC_WARN_64_TO_32_BIT_CONVERSION = YES;
				GCC_WARN_ABOUT_RETURN_TYPE = YES_ERROR;
				GCC_WARN_UNDECLARED_SELECTOR = YES;
				GCC_WARN_UNINITIALIZED_AUTOS = YES_AGGRESSIVE;
				GCC_WARN_UNUSED_FUNCTION = YES;
				GCC_WARN_UNUSED_VARIABLE = YES;
				IPHONEOS_DEPLOYMENT_TARGET = 7.1;
				ONLY_ACTIVE_ARCH = YES;
				SDKROOT = iphoneos;
			};
			name = Debug;
		};
		037B184E19B4C57200949BA5 /* Release */ = {
			isa = XCBuildConfiguration;
			buildSettings = {
				ALWAYS_SEARCH_USER_PATHS = NO;
				CLANG_CXX_LANGUAGE_STANDARD = "gnu++0x";
				CLANG_CXX_LIBRARY = "libc++";
				CLANG_ENABLE_MODULES = YES;
				CLANG_ENABLE_OBJC_ARC = YES;
				CLANG_WARN_BOOL_CONVERSION = YES;
				CLANG_WARN_CONSTANT_CONVERSION = YES;
				CLANG_WARN_DIRECT_OBJC_ISA_USAGE = YES_ERROR;
				CLANG_WARN_EMPTY_BODY = YES;
				CLANG_WARN_ENUM_CONVERSION = YES;
				CLANG_WARN_INT_CONVERSION = YES;
				CLANG_WARN_OBJC_ROOT_CLASS = YES_ERROR;
				CLANG_WARN__DUPLICATE_METHOD_MATCH = YES;
				"CODE_SIGN_IDENTITY[sdk=iphoneos*]" = "iPhone Developer";
				COPY_PHASE_STRIP = YES;
				ENABLE_NS_ASSERTIONS = NO;
				GCC_C_LANGUAGE_STANDARD = gnu99;
				GCC_WARN_64_TO_32_BIT_CONVERSION = YES;
				GCC_WARN_ABOUT_RETURN_TYPE = YES_ERROR;
				GCC_WARN_UNDECLARED_SELECTOR = YES;
				GCC_WARN_UNINITIALIZED_AUTOS = YES_AGGRESSIVE;
				GCC_WARN_UNUSED_FUNCTION = YES;
				GCC_WARN_UNUSED_VARIABLE = YES;
				IPHONEOS_DEPLOYMENT_TARGET = 7.1;
				SDKROOT = iphoneos;
				VALIDATE_PRODUCT = YES;
			};
			name = Release;
		};
		037B185019B4C57200949BA5 /* Debug */ = {
			isa = XCBuildConfiguration;
			buildSettings = {
				ASSETCATALOG_COMPILER_APPICON_NAME = AppIcon;
				ASSETCATALOG_COMPILER_LAUNCHIMAGE_NAME = LaunchImage;
				GCC_PRECOMPILE_PREFIX_HEADER = YES;
				GCC_PREFIX_HEADER = "trimetrique/trimetrique-Prefix.pch";
				INFOPLIST_FILE = "trimetrique/trimetrique-Info.plist";
				PRODUCT_NAME = "$(TARGET_NAME)";
				WRAPPER_EXTENSION = app;
			};
			name = Debug;
		};
		037B185119B4C57200949BA5 /* Release */ = {
			isa = XCBuildConfiguration;
			buildSettings = {
				ASSETCATALOG_COMPILER_APPICON_NAME = AppIcon;
				ASSETCATALOG_COMPILER_LAUNCHIMAGE_NAME = LaunchImage;
				GCC_PRECOMPILE_PREFIX_HEADER = YES;
				GCC_PREFIX_HEADER = "trimetrique/trimetrique-Prefix.pch";
				INFOPLIST_FILE = "trimetrique/trimetrique-Info.plist";
				PRODUCT_NAME = "$(TARGET_NAME)";
				WRAPPER_EXTENSION = app;
			};
			name = Release;
		};
		037B185319B4C57200949BA5 /* Debug */ = {
			isa = XCBuildConfiguration;
			buildSettings = {
				BUNDLE_LOADER = "$(BUILT_PRODUCTS_DIR)/trimetrique.app/trimetrique";
				FRAMEWORK_SEARCH_PATHS = (
					"$(SDKROOT)/Developer/Library/Frameworks",
					"$(inherited)",
					"$(DEVELOPER_FRAMEWORKS_DIR)",
				);
				GCC_PRECOMPILE_PREFIX_HEADER = YES;
				GCC_PREFIX_HEADER = "trimetrique/trimetrique-Prefix.pch";
				GCC_PREPROCESSOR_DEFINITIONS = (
					"DEBUG=1",
					"$(inherited)",
				);
				INFOPLIST_FILE = "trimetriqueTests/trimetriqueTests-Info.plist";
				PRODUCT_NAME = "$(TARGET_NAME)";
				TEST_HOST = "$(BUNDLE_LOADER)";
				WRAPPER_EXTENSION = xctest;
			};
			name = Debug;
		};
		037B185419B4C57200949BA5 /* Release */ = {
			isa = XCBuildConfiguration;
			buildSettings = {
				BUNDLE_LOADER = "$(BUILT_PRODUCTS_DIR)/trimetrique.app/trimetrique";
				FRAMEWORK_SEARCH_PATHS = (
					"$(SDKROOT)/Developer/Library/Frameworks",
					"$(inherited)",
					"$(DEVELOPER_FRAMEWORKS_DIR)",
				);
				GCC_PRECOMPILE_PREFIX_HEADER = YES;
				GCC_PREFIX_HEADER = "trimetrique/trimetrique-Prefix.pch";
				INFOPLIST_FILE = "trimetriqueTests/trimetriqueTests-Info.plist";
				PRODUCT_NAME = "$(TARGET_NAME)";
				TEST_HOST = "$(BUNDLE_LOADER)";
				WRAPPER_EXTENSION = xctest;
			};
			name = Release;
		};
/* End XCBuildConfiguration section */

/* Begin XCConfigurationList section */
		037B181819B4C57200949BA5 /* Build configuration list for PBXProject "trimetrique" */ = {
			isa = XCConfigurationList;
			buildConfigurations = (
				037B184D19B4C57200949BA5 /* Debug */,
				037B184E19B4C57200949BA5 /* Release */,
			);
			defaultConfigurationIsVisible = 0;
			defaultConfigurationName = Release;
		};
		037B184F19B4C57200949BA5 /* Build configuration list for PBXNativeTarget "trimetrique" */ = {
			isa = XCConfigurationList;
			buildConfigurations = (
				037B185019B4C57200949BA5 /* Debug */,
				037B185119B4C57200949BA5 /* Release */,
			);
			defaultConfigurationIsVisible = 0;
		};
		037B185219B4C57200949BA5 /* Build configuration list for PBXNativeTarget "trimetriqueTests" */ = {
			isa = XCConfigurationList;
			buildConfigurations = (
				037B185319B4C57200949BA5 /* Debug */,
				037B185419B4C57200949BA5 /* Release */,
			);
			defaultConfigurationIsVisible = 0;
		};
/* End XCConfigurationList section */
	};
	rootObject = 037B181519B4C57200949BA5 /* Project object */;
}
